
Microsoft Visual Studio Solution File, Format Version 12.00
# Visual Studio Version 17
VisualStudioVersion = 17.14.36414.22
MinimumVisualStudioVersion = 10.0.40219.1
Project("{2150E333-8FDC-42A3-9474-1A3956D46DE8}") = "Task0", "Task0", "{02EA681E-C7D8-13C7-8484-4AC65E1B71E8}"
EndProject
Project("{FAE04EC0-301F-11D3-BF4B-00C04F79EFBC}") = "Tyuiu.KolganenkoRV.Sprint0.Task0.V0", "Tyuiu.KolganenkoRV.Sprint0.Task0.V0\Tyuiu.KolganenkoRV.Sprint0.Task0.V0.csproj", "{3F1DC018-1EE0-40D9-AF11-5CB514B51486}"
EndProject
Project("{2150E333-8FDC-42A3-9474-1A3956D46DE8}") = "Task1", "Task1", "{439728A0-1714-4136-A5BE-E2EAE86B9641}"
EndProject
Project("{FAE04EC0-301F-11D3-BF4B-00C04F79EFBC}") = "Tyuiu.KolganenkoRV.Sprint0.Task1.V0", "Tyuiu.KolganenkoRV.Sprint0.Task1.V0\Tyuiu.KolganenkoRV.Sprint0.Task1.V0.csproj", "{9AB93E44-FEFF-4FB8-B9AA-D4CE722C1DD9}"
EndProject
Project("{2150E333-8FDC-42A3-9474-1A3956D46DE8}") = "Task2", "Task2", "{6F113AF7-D73C-4CDD-9F2B-FECEAE58BB42}"
EndProject
Project("{FAE04EC0-301F-11D3-BF4B-00C04F79EFBC}") = "Tyuiu.KolganenkoRV.Sprint0.Task2.V0", "Tyuiu.KolganenkoRV.Sprint0.Task2.V0\Tyuiu.KolganenkoRV.Sprint0.Task2.V0.csproj", "{6EEEA71C-D6BE-49F4-A47F-A0C54DE311B8}"
EndProject
Project("{FAE04EC0-301F-11D3-BF4B-00C04F79EFBC}") = "Tyuiu.KolganenkoRV.Sprint0.Task2.V0.Lib", "Tyuiu.KolganenkoRV.Sprint0.Task2.V0.Lib\Tyuiu.KolganenkoRV.Sprint0.Task2.V0.Lib.csproj", "{E4870943-CCA7-4B64-85B3-3D0481427D82}"
EndProject
Project("{FAE04EC0-301F-11D3-BF4B-00C04F79EFBC}") = "Tyuiu.KolganenkoRV.Sprint0.Task2.V0.Test", "Tyuiu.KolganenkoRV.Sprint0.Task2.V0.Test\Tyuiu.KolganenkoRV.Sprint0.Task2.V0.Test.csproj", "{172DFD23-31CE-4A8A-932B-FE59975CE0C4}"
EndProject
Project("{2150E333-8FDC-42A3-9474-1A3956D46DE8}") = "Task3", "Task3", "{0B53C23A-EC0E-432F-9390-CC0767B4B8A1}"
EndProject
Project("{FAE04EC0-301F-11D3-BF4B-00C04F79EFBC}") = "Tyuiu.KolganenkoRV.Sprint0.Task3.V0", "Tyuiu.KolganenkoRV.Sprint0.Task3.V0\Tyuiu.KolganenkoRV.Sprint0.Task3.V0.csproj", "{5C0C31C1-1AB8-463F-8C7B-869EFFAB2957}"
EndProject
Project("{FAE04EC0-301F-11D3-BF4B-00C04F79EFBC}") = "tyuiu.KolganenkoRV.Sprint0.Task3.V0.Lib", "tyuiu.KolganenkoRV.Sprint0.Task3.V0.Lib\tyuiu.KolganenkoRV.Sprint0.Task3.V0.Lib.csproj", "{7F271A7E-5493-4FDA-988D-0644C77B6CCD}"
EndProject
Project("{FAE04EC0-301F-11D3-BF4B-00C04F79EFBC}") = "tyuiu.KolganenkoRV.Sprint0.Task3.V0.Test", "tyuiu.KolganenkoRV.Sprint0.Task3.V0.Test\tyuiu.KolganenkoRV.Sprint0.Task3.V0.Test.csproj", "{6C550C51-9A32-4352-84B5-2C453316A9A3}"
EndProject
Project("{2150E333-8FDC-42A3-9474-1A3956D46DE8}") = "Task4", "Task4", "{4CCB8F7E-601C-41E0-AAA5-D790CA98443B}"
EndProject
Project("{FAE04EC0-301F-11D3-BF4B-00C04F79EFBC}") = "Tyuiu.KolganenkoRV.Sprint0.Task4.V0", "Tyuiu.KolganenkoRV.Sprint0.Task4.V0\Tyuiu.KolganenkoRV.Sprint0.Task4.V0.csproj", "{8DA4437D-55BF-448B-90BC-C484B76F9D24}"
EndProject
Project("{FAE04EC0-301F-11D3-BF4B-00C04F79EFBC}") = "Tyuiu.KolganenkoRV.Sprint0.Task4.V0.Lib", "Tyuiu.KolganenkoRV.Sprint0.Task4.V0.Lib\Tyuiu.KolganenkoRV.Sprint0.Task4.V0.Lib.csproj", "{BC8B03B9-C16B-42D7-A46A-754866FE3D96}"
EndProject
Project("{FAE04EC0-301F-11D3-BF4B-00C04F79EFBC}") = "Tyuiu.KolganenkoRV.Sprint0.Task4.V0.Test", "Tyuiu.KolganenkoRV.Sprint0.Task4.V0.Test\Tyuiu.KolganenkoRV.Sprint0.Task4.V0.Test.csproj", "{A6A58E0E-E748-49BF-9CEA-949BB090FA19}"
EndProject
Project("{2150E333-8FDC-42A3-9474-1A3956D46DE8}") = "Task5", "Task5", "{B337896F-7992-4CF3-B708-4257B1DBBAA0}"
EndProject
Project("{FAE04EC0-301F-11D3-BF4B-00C04F79EFBC}") = "Tyuiu.KolganenkoRV.Sprint0.Task5.V0.Test", "Tyuiu.KolganenkoRV.Sprint0.Task5.V0.Test\Tyuiu.KolganenkoRV.Sprint0.Task5.V0.Test.csproj", "{E38657AF-6C34-41C7-BE22-F9A28564535F}"
EndProject
Project("{FAE04EC0-301F-11D3-BF4B-00C04F79EFBC}") = "Tyuiu.KolganenkoRV.Sprint0.Task5.V0.Lib", "Tyuiu.KolganenkoRV.Sprint0.Task5.V0.Lib\Tyuiu.KolganenkoRV.Sprint0.Task5.V0.Lib.csproj", "{0982C0D0-5F00-45A0-8D17-21E0FD4F80E8}"
EndProject
Project("{FAE04EC0-301F-11D3-BF4B-00C04F79EFBC}") = "Tyuiu.KolganenkoRV.Sprint0.Task5.V0", "Tyuiu.KolganenkoRV.Sprint0.Task5.V0\Tyuiu.KolganenkoRV.Sprint0.Task5.V0.csproj", "{F9E3E414-BE7E-4C04-81F2-B8ACB895D8C4}"
EndProject
Project("{2150E333-8FDC-42A3-9474-1A3956D46DE8}") = "Task6", "Task6", "{234DEF2F-E1BF-419C-A485-311CC8D0066C}"
EndProject
Project("{FAE04EC0-301F-11D3-BF4B-00C04F79EFBC}") = "Tyuiu.KolganenkoRV.Sprint0.Task6.V0", "Tyuiu.KolganenkoRV.Sprint0.Task6.V0\Tyuiu.KolganenkoRV.Sprint0.Task6.V0.csproj", "{E70E00E0-085D-42AE-A5EF-FD08F76CDA9C}"
EndProject
Project("{FAE04EC0-301F-11D3-BF4B-00C04F79EFBC}") = "Tyuiu.KolganenkoRV.Sprint0.Task6.V0.Lib", "Tyuiu.KolganenkoRV.Sprint0.Task6.V0.Lib\Tyuiu.KolganenkoRV.Sprint0.Task6.V0.Lib.csproj", "{CAF6F360-D2AF-4987-A93B-EA111C42392B}"
EndProject
Project("{FAE04EC0-301F-11D3-BF4B-00C04F79EFBC}") = "Tyuiu.KolganenkoRV.Sprint0.Task6.V0.Test", "Tyuiu.KolganenkoRV.Sprint0.Task6.V0.Test\Tyuiu.KolganenkoRV.Sprint0.Task6.V0.Test.csproj", "{CE7433A0-EC8C-4B82-AA6D-C098A7CAB54A}"
EndProject
Project("{2150E333-8FDC-42A3-9474-1A3956D46DE8}") = "Task7", "Task7", "{38C53386-2A79-4A3E-8F09-28B1D9E71E70}"
EndProject
Project("{FAE04EC0-301F-11D3-BF4B-00C04F79EFBC}") = "Tyuiu.KolganenkoRV.Sprint0.Task7.V0", "Tyuiu.KolganenkoRV.Sprint0.Task7.V0\Tyuiu.KolganenkoRV.Sprint0.Task7.V0.csproj", "{EDA4F822-D735-4A91-B29F-D44D36A4D248}"
EndProject
Project("{FAE04EC0-301F-11D3-BF4B-00C04F79EFBC}") = "Tyuiu.KolganenkoRV.Sprint0.Task7.V0.Test", "Tyuiu.KolganenkoRV.Sprint0.Task7.V0.Test\Tyuiu.KolganenkoRV.Sprint0.Task7.V0.Test.csproj", "{9A103D3D-8D5A-4923-A44D-481924C8D5A9}"
EndProject
Project("{FAE04EC0-301F-11D3-BF4B-00C04F79EFBC}") = "Tyuiu.KolganenkoRV.Sprint0.Task7.V0.Lib", "Tyuiu.KolganenkoRV.Sprint0.Task7.V0.Lib\Tyuiu.KolganenkoRV.Sprint0.Task7.V0.Lib.csproj", "{C1BC78EF-939E-4191-8790-50EC7954E732}"
EndProject
Global
	GlobalSection(SolutionConfigurationPlatforms) = preSolution
		Debug|Any CPU = Debug|Any CPU
		Release|Any CPU = Release|Any CPU
	EndGlobalSection
	GlobalSection(ProjectConfigurationPlatforms) = postSolution
		{3F1DC018-1EE0-40D9-AF11-5CB514B51486}.Debug|Any CPU.ActiveCfg = Debug|Any CPU
		{3F1DC018-1EE0-40D9-AF11-5CB514B51486}.Debug|Any CPU.Build.0 = Debug|Any CPU
		{3F1DC018-1EE0-40D9-AF11-5CB514B51486}.Release|Any CPU.ActiveCfg = Release|Any CPU
		{3F1DC018-1EE0-40D9-AF11-5CB514B51486}.Release|Any CPU.Build.0 = Release|Any CPU
		{9AB93E44-FEFF-4FB8-B9AA-D4CE722C1DD9}.Debug|Any CPU.ActiveCfg = Debug|Any CPU
		{9AB93E44-FEFF-4FB8-B9AA-D4CE722C1DD9}.Debug|Any CPU.Build.0 = Debug|Any CPU
		{9AB93E44-FEFF-4FB8-B9AA-D4CE722C1DD9}.Release|Any CPU.ActiveCfg = Release|Any CPU
		{9AB93E44-FEFF-4FB8-B9AA-D4CE722C1DD9}.Release|Any CPU.Build.0 = Release|Any CPU
		{6EEEA71C-D6BE-49F4-A47F-A0C54DE311B8}.Debug|Any CPU.ActiveCfg = Debug|Any CPU
		{6EEEA71C-D6BE-49F4-A47F-A0C54DE311B8}.Debug|Any CPU.Build.0 = Debug|Any CPU
		{6EEEA71C-D6BE-49F4-A47F-A0C54DE311B8}.Release|Any CPU.ActiveCfg = Release|Any CPU
		{6EEEA71C-D6BE-49F4-A47F-A0C54DE311B8}.Release|Any CPU.Build.0 = Release|Any CPU
		{E4870943-CCA7-4B64-85B3-3D0481427D82}.Debug|Any CPU.ActiveCfg = Debug|Any CPU
		{E4870943-CCA7-4B64-85B3-3D0481427D82}.Debug|Any CPU.Build.0 = Debug|Any CPU
		{E4870943-CCA7-4B64-85B3-3D0481427D82}.Release|Any CPU.ActiveCfg = Release|Any CPU
		{E4870943-CCA7-4B64-85B3-3D0481427D82}.Release|Any CPU.Build.0 = Release|Any CPU
		{172DFD23-31CE-4A8A-932B-FE59975CE0C4}.Debug|Any CPU.ActiveCfg = Debug|Any CPU
		{172DFD23-31CE-4A8A-932B-FE59975CE0C4}.Debug|Any CPU.Build.0 = Debug|Any CPU
		{172DFD23-31CE-4A8A-932B-FE59975CE0C4}.Release|Any CPU.ActiveCfg = Release|Any CPU
		{172DFD23-31CE-4A8A-932B-FE59975CE0C4}.Release|Any CPU.Build.0 = Release|Any CPU
		{5C0C31C1-1AB8-463F-8C7B-869EFFAB2957}.Debug|Any CPU.ActiveCfg = Debug|Any CPU
		{5C0C31C1-1AB8-463F-8C7B-869EFFAB2957}.Debug|Any CPU.Build.0 = Debug|Any CPU
		{5C0C31C1-1AB8-463F-8C7B-869EFFAB2957}.Release|Any CPU.ActiveCfg = Release|Any CPU
		{5C0C31C1-1AB8-463F-8C7B-869EFFAB2957}.Release|Any CPU.Build.0 = Release|Any CPU
		{7F271A7E-5493-4FDA-988D-0644C77B6CCD}.Debug|Any CPU.ActiveCfg = Debug|Any CPU
		{7F271A7E-5493-4FDA-988D-0644C77B6CCD}.Debug|Any CPU.Build.0 = Debug|Any CPU
		{7F271A7E-5493-4FDA-988D-0644C77B6CCD}.Release|Any CPU.ActiveCfg = Release|Any CPU
		{7F271A7E-5493-4FDA-988D-0644C77B6CCD}.Release|Any CPU.Build.0 = Release|Any CPU
		{6C550C51-9A32-4352-84B5-2C453316A9A3}.Debug|Any CPU.ActiveCfg = Debug|Any CPU
		{6C550C51-9A32-4352-84B5-2C453316A9A3}.Debug|Any CPU.Build.0 = Debug|Any CPU
		{6C550C51-9A32-4352-84B5-2C453316A9A3}.Release|Any CPU.ActiveCfg = Release|Any CPU
		{6C550C51-9A32-4352-84B5-2C453316A9A3}.Release|Any CPU.Build.0 = Release|Any CPU
		{8DA4437D-55BF-448B-90BC-C484B76F9D24}.Debug|Any CPU.ActiveCfg = Debug|Any CPU
		{8DA4437D-55BF-448B-90BC-C484B76F9D24}.Debug|Any CPU.Build.0 = Debug|Any CPU
		{8DA4437D-55BF-448B-90BC-C484B76F9D24}.Release|Any CPU.ActiveCfg = Release|Any CPU
		{8DA4437D-55BF-448B-90BC-C484B76F9D24}.Release|Any CPU.Build.0 = Release|Any CPU
		{BC8B03B9-C16B-42D7-A46A-754866FE3D96}.Debug|Any CPU.ActiveCfg = Debug|Any CPU
		{BC8B03B9-C16B-42D7-A46A-754866FE3D96}.Debug|Any CPU.Build.0 = Debug|Any CPU
		{BC8B03B9-C16B-42D7-A46A-754866FE3D96}.Release|Any CPU.ActiveCfg = Release|Any CPU
		{BC8B03B9-C16B-42D7-A46A-754866FE3D96}.Release|Any CPU.Build.0 = Release|Any CPU
		{A6A58E0E-E748-49BF-9CEA-949BB090FA19}.Debug|Any CPU.ActiveCfg = Debug|Any CPU
		{A6A58E0E-E748-49BF-9CEA-949BB090FA19}.Debug|Any CPU.Build.0 = Debug|Any CPU
		{A6A58E0E-E748-49BF-9CEA-949BB090FA19}.Release|Any CPU.ActiveCfg = Release|Any CPU
		{A6A58E0E-E748-49BF-9CEA-949BB090FA19}.Release|Any CPU.Build.0 = Release|Any CPU
		{E38657AF-6C34-41C7-BE22-F9A28564535F}.Debug|Any CPU.ActiveCfg = Debug|Any CPU
		{E38657AF-6C34-41C7-BE22-F9A28564535F}.Debug|Any CPU.Build.0 = Debug|Any CPU
		{E38657AF-6C34-41C7-BE22-F9A28564535F}.Release|Any CPU.ActiveCfg = Release|Any CPU
		{E38657AF-6C34-41C7-BE22-F9A28564535F}.Release|Any CPU.Build.0 = Release|Any CPU
		{0982C0D0-5F00-45A0-8D17-21E0FD4F80E8}.Debug|Any CPU.ActiveCfg = Debug|Any CPU
		{0982C0D0-5F00-45A0-8D17-21E0FD4F80E8}.Debug|Any CPU.Build.0 = Debug|Any CPU
		{0982C0D0-5F00-45A0-8D17-21E0FD4F80E8}.Release|Any CPU.ActiveCfg = Release|Any CPU
		{0982C0D0-5F00-45A0-8D17-21E0FD4F80E8}.Release|Any CPU.Build.0 = Release|Any CPU
		{F9E3E414-BE7E-4C04-81F2-B8ACB895D8C4}.Debug|Any CPU.ActiveCfg = Debug|Any CPU
		{F9E3E414-BE7E-4C04-81F2-B8ACB895D8C4}.Debug|Any CPU.Build.0 = Debug|Any CPU
		{F9E3E414-BE7E-4C04-81F2-B8ACB895D8C4}.Release|Any CPU.ActiveCfg = Release|Any CPU
		{F9E3E414-BE7E-4C04-81F2-B8ACB895D8C4}.Release|Any CPU.Build.0 = Release|Any CPU
		{E70E00E0-085D-42AE-A5EF-FD08F76CDA9C}.Debug|Any CPU.ActiveCfg = Debug|Any CPU
		{E70E00E0-085D-42AE-A5EF-FD08F76CDA9C}.Debug|Any CPU.Build.0 = Debug|Any CPU
		{E70E00E0-085D-42AE-A5EF-FD08F76CDA9C}.Release|Any CPU.ActiveCfg = Release|Any CPU
		{E70E00E0-085D-42AE-A5EF-FD08F76CDA9C}.Release|Any CPU.Build.0 = Release|Any CPU
		{CAF6F360-D2AF-4987-A93B-EA111C42392B}.Debug|Any CPU.ActiveCfg = Debug|Any CPU
		{CAF6F360-D2AF-4987-A93B-EA111C42392B}.Debug|Any CPU.Build.0 = Debug|Any CPU
		{CAF6F360-D2AF-4987-A93B-EA111C42392B}.Release|Any CPU.ActiveCfg = Release|Any CPU
		{CAF6F360-D2AF-4987-A93B-EA111C42392B}.Release|Any CPU.Build.0 = Release|Any CPU
		{CE7433A0-EC8C-4B82-AA6D-C098A7CAB54A}.Debug|Any CPU.ActiveCfg = Debug|Any CPU
		{CE7433A0-EC8C-4B82-AA6D-C098A7CAB54A}.Debug|Any CPU.Build.0 = Debug|Any CPU
		{CE7433A0-EC8C-4B82-AA6D-C098A7CAB54A}.Release|Any CPU.ActiveCfg = Release|Any CPU
		{CE7433A0-EC8C-4B82-AA6D-C098A7CAB54A}.Release|Any CPU.Build.0 = Release|Any CPU
		{EDA4F822-D735-4A91-B29F-D44D36A4D248}.Debug|Any CPU.ActiveCfg = Debug|Any CPU
		{EDA4F822-D735-4A91-B29F-D44D36A4D248}.Debug|Any CPU.Build.0 = Debug|Any CPU
		{EDA4F822-D735-4A91-B29F-D44D36A4D248}.Release|Any CPU.ActiveCfg = Release|Any CPU
		{EDA4F822-D735-4A91-B29F-D44D36A4D248}.Release|Any CPU.Build.0 = Release|Any CPU
		{9A103D3D-8D5A-4923-A44D-481924C8D5A9}.Debug|Any CPU.ActiveCfg = Debug|Any CPU
		{9A103D3D-8D5A-4923-A44D-481924C8D5A9}.Debug|Any CPU.Build.0 = Debug|Any CPU
		{9A103D3D-8D5A-4923-A44D-481924C8D5A9}.Release|Any CPU.ActiveCfg = Release|Any CPU
		{9A103D3D-8D5A-4923-A44D-481924C8D5A9}.Release|Any CPU.Build.0 = Release|Any CPU
		{C1BC78EF-939E-4191-8790-50EC7954E732}.Debug|Any CPU.ActiveCfg = Debug|Any CPU
		{C1BC78EF-939E-4191-8790-50EC7954E732}.Debug|Any CPU.Build.0 = Debug|Any CPU
		{C1BC78EF-939E-4191-8790-50EC7954E732}.Release|Any CPU.ActiveCfg = Release|Any CPU
		{C1BC78EF-939E-4191-8790-50EC7954E732}.Release|Any CPU.Build.0 = Release|Any CPU
	EndGlobalSection
	GlobalSection(SolutionProperties) = preSolution
		HideSolutionNode = FALSE
	EndGlobalSection
	GlobalSection(NestedProjects) = preSolution
		{3F1DC018-1EE0-40D9-AF11-5CB514B51486} = {02EA681E-C7D8-13C7-8484-4AC65E1B71E8}
		{9AB93E44-FEFF-4FB8-B9AA-D4CE722C1DD9} = {439728A0-1714-4136-A5BE-E2EAE86B9641}
		{6EEEA71C-D6BE-49F4-A47F-A0C54DE311B8} = {6F113AF7-D73C-4CDD-9F2B-FECEAE58BB42}
		{E4870943-CCA7-4B64-85B3-3D0481427D82} = {6F113AF7-D73C-4CDD-9F2B-FECEAE58BB42}
		{172DFD23-31CE-4A8A-932B-FE59975CE0C4} = {6F113AF7-D73C-4CDD-9F2B-FECEAE58BB42}
		{5C0C31C1-1AB8-463F-8C7B-869EFFAB2957} = {0B53C23A-EC0E-432F-9390-CC0767B4B8A1}
		{7F271A7E-5493-4FDA-988D-0644C77B6CCD} = {0B53C23A-EC0E-432F-9390-CC0767B4B8A1}
		{6C550C51-9A32-4352-84B5-2C453316A9A3} = {0B53C23A-EC0E-432F-9390-CC0767B4B8A1}
		{8DA4437D-55BF-448B-90BC-C484B76F9D24} = {4CCB8F7E-601C-41E0-AAA5-D790CA98443B}
		{BC8B03B9-C16B-42D7-A46A-754866FE3D96} = {4CCB8F7E-601C-41E0-AAA5-D790CA98443B}
		{A6A58E0E-E748-49BF-9CEA-949BB090FA19} = {4CCB8F7E-601C-41E0-AAA5-D790CA98443B}
		{E38657AF-6C34-41C7-BE22-F9A28564535F} = {B337896F-7992-4CF3-B708-4257B1DBBAA0}
		{0982C0D0-5F00-45A0-8D17-21E0FD4F80E8} = {B337896F-7992-4CF3-B708-4257B1DBBAA0}
		{F9E3E414-BE7E-4C04-81F2-B8ACB895D8C4} = {B337896F-7992-4CF3-B708-4257B1DBBAA0}
		{E70E00E0-085D-42AE-A5EF-FD08F76CDA9C} = {234DEF2F-E1BF-419C-A485-311CC8D0066C}
		{CAF6F360-D2AF-4987-A93B-EA111C42392B} = {234DEF2F-E1BF-419C-A485-311CC8D0066C}
		{CE7433A0-EC8C-4B82-AA6D-C098A7CAB54A} = {234DEF2F-E1BF-419C-A485-311CC8D0066C}
		{EDA4F822-D735-4A91-B29F-D44D36A4D248} = {38C53386-2A79-4A3E-8F09-28B1D9E71E70}
		{9A103D3D-8D5A-4923-A44D-481924C8D5A9} = {38C53386-2A79-4A3E-8F09-28B1D9E71E70}
		{C1BC78EF-939E-4191-8790-50EC7954E732} = {38C53386-2A79-4A3E-8F09-28B1D9E71E70}
	EndGlobalSection
	GlobalSection(ExtensibilityGlobals) = postSolution
		SolutionGuid = {FBA419AF-B439-4733-A2A6-DFD98906E13B}
	EndGlobalSection
EndGlobal
